
Microsoft Visual Studio Solution File, Format Version 12.00
Project("{2150E333-8FDC-42A3-9474-1A3956D46DE8}") = "src", "src", "{3478C139-63CF-474E-B5E5-29D687D66D9C}"
EndProject
Project("{2150E333-8FDC-42A3-9474-1A3956D46DE8}") = "tests", "tests", "{217F7D03-4FA0-4C87-A7BE-41CBF97FD234}"
EndProject
Project("{2150E333-8FDC-42A3-9474-1A3956D46DE8}") = "API", "API", "{679C9B8D-8F6F-457C-BE29-42718A6B1D80}"
EndProject
Project("{2150E333-8FDC-42A3-9474-1A3956D46DE8}") = "Core", "Core", "{9E7CEFA5-7D07-4249-991C-45A7F1003221}"
EndProject
Project("{2150E333-8FDC-42A3-9474-1A3956D46DE8}") = "Infrastructure", "Infrastructure", "{9CD8FCBA-433E-4BD9-BF64-69BEC4A1C0D2}"
EndProject
Project("{2150E333-8FDC-42A3-9474-1A3956D46DE8}") = "UI", "UI", "{D61E0B05-AAAD-4E25-9591-2A41020EC31F}"
EndProject
Project("{FAE04EC0-301F-11D3-BF4B-00C04F79EFBC}") = "HR.LeaveManagement.Domain", "HR.LeaveManagement.Domain\HR.LeaveManagement.Domain.csproj", "{2CDEE799-BD74-45EB-88C5-404E98A88455}"
EndProject
Project("{FAE04EC0-301F-11D3-BF4B-00C04F79EFBC}") = "HR.LeaveManagement.Application", "HR.LeaveManagement.Application\HR.LeaveManagement.Application.csproj", "{B64291D0-270A-4154-9210-9839531D5A51}"
EndProject
Project("{FAE04EC0-301F-11D3-BF4B-00C04F79EFBC}") = "HR.LeaveManagement.Persistence", "HR.LeaveManagement.Persistence\HR.LeaveManagement.Persistence.csproj", "{30557B5F-A606-4EF7-B0EB-9186FF9BA344}"
EndProject
Project("{FAE04EC0-301F-11D3-BF4B-00C04F79EFBC}") = "HR.LeaveManagement.Infrastructure", "HR.LeaveManagement.Infrastructure\HR.LeaveManagement.Infrastructure.csproj", "{A93F548A-0F2F-4ADC-B899-D9BEF64F6EA3}"
EndProject
Project("{FAE04EC0-301F-11D3-BF4B-00C04F79EFBC}") = "HR.LeaveManagement.API", "HR.LeaveManagement.API\HR.LeaveManagement.API.csproj", "{F848F023-EFF0-47DB-B685-FA032E3B4B26}"
EndProject
Project("{FAE04EC0-301F-11D3-BF4B-00C04F79EFBC}") = "HR.LeaveManagement.Application.UnitTests", "HR.LeaveManagement.Application.UnitTests\HR.LeaveManagement.Application.UnitTests.csproj", "{D8C5E211-6EB6-433A-953F-88C3272380B5}"
EndProject
Project("{FAE04EC0-301F-11D3-BF4B-00C04F79EFBC}") = "HR.LeaveManagement.Persistence.IntegrationTests", "HR.LeaveManagement.Persistence.IntegrationTests\HR.LeaveManagement.Persistence.IntegrationTests.csproj", "{658CE6F7-EF43-4A4B-BB21-5FBE8F0D3E3D}"
EndProject
Project("{FAE04EC0-301F-11D3-BF4B-00C04F79EFBC}") = "HR.LeaveManagement.UI", "HR.LeaveManagement.UI\HR.LeaveManagement.UI.csproj", "{8C8070C0-767D-4E78-8923-907B8E238EEC}"
EndProject
Project("{FAE04EC0-301F-11D3-BF4B-00C04F79EFBC}") = "HR.LeaveManagement.Identity", "HR.LeaveManagement.Identity\HR.LeaveManagement.Identity.csproj", "{75A84F4F-7087-4450-AB03-4DCFBE1DEF2E}"
EndProject
Global
	GlobalSection(SolutionConfigurationPlatforms) = preSolution
		Debug|Any CPU = Debug|Any CPU
		Release|Any CPU = Release|Any CPU
	EndGlobalSection
	GlobalSection(NestedProjects) = preSolution
		{679C9B8D-8F6F-457C-BE29-42718A6B1D80} = {3478C139-63CF-474E-B5E5-29D687D66D9C}
		{9E7CEFA5-7D07-4249-991C-45A7F1003221} = {3478C139-63CF-474E-B5E5-29D687D66D9C}
		{9CD8FCBA-433E-4BD9-BF64-69BEC4A1C0D2} = {3478C139-63CF-474E-B5E5-29D687D66D9C}
		{D61E0B05-AAAD-4E25-9591-2A41020EC31F} = {3478C139-63CF-474E-B5E5-29D687D66D9C}
		{2CDEE799-BD74-45EB-88C5-404E98A88455} = {9E7CEFA5-7D07-4249-991C-45A7F1003221}
		{B64291D0-270A-4154-9210-9839531D5A51} = {9E7CEFA5-7D07-4249-991C-45A7F1003221}
		{30557B5F-A606-4EF7-B0EB-9186FF9BA344} = {9CD8FCBA-433E-4BD9-BF64-69BEC4A1C0D2}
		{A93F548A-0F2F-4ADC-B899-D9BEF64F6EA3} = {9CD8FCBA-433E-4BD9-BF64-69BEC4A1C0D2}
		{F848F023-EFF0-47DB-B685-FA032E3B4B26} = {679C9B8D-8F6F-457C-BE29-42718A6B1D80}
		{D8C5E211-6EB6-433A-953F-88C3272380B5} = {217F7D03-4FA0-4C87-A7BE-41CBF97FD234}
		{658CE6F7-EF43-4A4B-BB21-5FBE8F0D3E3D} = {217F7D03-4FA0-4C87-A7BE-41CBF97FD234}
		{8C8070C0-767D-4E78-8923-907B8E238EEC} = {D61E0B05-AAAD-4E25-9591-2A41020EC31F}
		{75A84F4F-7087-4450-AB03-4DCFBE1DEF2E} = {9CD8FCBA-433E-4BD9-BF64-69BEC4A1C0D2}
	EndGlobalSection
	GlobalSection(ProjectConfigurationPlatforms) = postSolution
		{2CDEE799-BD74-45EB-88C5-404E98A88455}.Debug|Any CPU.ActiveCfg = Debug|Any CPU
		{2CDEE799-BD74-45EB-88C5-404E98A88455}.Debug|Any CPU.Build.0 = Debug|Any CPU
		{2CDEE799-BD74-45EB-88C5-404E98A88455}.Release|Any CPU.ActiveCfg = Release|Any CPU
		{2CDEE799-BD74-45EB-88C5-404E98A88455}.Release|Any CPU.Build.0 = Release|Any CPU
		{B64291D0-270A-4154-9210-9839531D5A51}.Debug|Any CPU.ActiveCfg = Debug|Any CPU
		{B64291D0-270A-4154-9210-9839531D5A51}.Debug|Any CPU.Build.0 = Debug|Any CPU
		{B64291D0-270A-4154-9210-9839531D5A51}.Release|Any CPU.ActiveCfg = Release|Any CPU
		{B64291D0-270A-4154-9210-9839531D5A51}.Release|Any CPU.Build.0 = Release|Any CPU
		{30557B5F-A606-4EF7-B0EB-9186FF9BA344}.Debug|Any CPU.ActiveCfg = Debug|Any CPU
		{30557B5F-A606-4EF7-B0EB-9186FF9BA344}.Debug|Any CPU.Build.0 = Debug|Any CPU
		{30557B5F-A606-4EF7-B0EB-9186FF9BA344}.Release|Any CPU.ActiveCfg = Release|Any CPU
		{30557B5F-A606-4EF7-B0EB-9186FF9BA344}.Release|Any CPU.Build.0 = Release|Any CPU
		{A93F548A-0F2F-4ADC-B899-D9BEF64F6EA3}.Debug|Any CPU.ActiveCfg = Debug|Any CPU
		{A93F548A-0F2F-4ADC-B899-D9BEF64F6EA3}.Debug|Any CPU.Build.0 = Debug|Any CPU
		{A93F548A-0F2F-4ADC-B899-D9BEF64F6EA3}.Release|Any CPU.ActiveCfg = Release|Any CPU
		{A93F548A-0F2F-4ADC-B899-D9BEF64F6EA3}.Release|Any CPU.Build.0 = Release|Any CPU
		{F848F023-EFF0-47DB-B685-FA032E3B4B26}.Debug|Any CPU.ActiveCfg = Debug|Any CPU
		{F848F023-EFF0-47DB-B685-FA032E3B4B26}.Debug|Any CPU.Build.0 = Debug|Any CPU
		{F848F023-EFF0-47DB-B685-FA032E3B4B26}.Release|Any CPU.ActiveCfg = Release|Any CPU
		{F848F023-EFF0-47DB-B685-FA032E3B4B26}.Release|Any CPU.Build.0 = Release|Any CPU
		{D8C5E211-6EB6-433A-953F-88C3272380B5}.Debug|Any CPU.ActiveCfg = Debug|Any CPU
		{D8C5E211-6EB6-433A-953F-88C3272380B5}.Debug|Any CPU.Build.0 = Debug|Any CPU
		{D8C5E211-6EB6-433A-953F-88C3272380B5}.Release|Any CPU.ActiveCfg = Release|Any CPU
		{D8C5E211-6EB6-433A-953F-88C3272380B5}.Release|Any CPU.Build.0 = Release|Any CPU
		{658CE6F7-EF43-4A4B-BB21-5FBE8F0D3E3D}.Debug|Any CPU.ActiveCfg = Debug|Any CPU
		{658CE6F7-EF43-4A4B-BB21-5FBE8F0D3E3D}.Debug|Any CPU.Build.0 = Debug|Any CPU
		{658CE6F7-EF43-4A4B-BB21-5FBE8F0D3E3D}.Release|Any CPU.ActiveCfg = Release|Any CPU
		{658CE6F7-EF43-4A4B-BB21-5FBE8F0D3E3D}.Release|Any CPU.Build.0 = Release|Any CPU
		{8C8070C0-767D-4E78-8923-907B8E238EEC}.Debug|Any CPU.ActiveCfg = Debug|Any CPU
		{8C8070C0-767D-4E78-8923-907B8E238EEC}.Debug|Any CPU.Build.0 = Debug|Any CPU
		{8C8070C0-767D-4E78-8923-907B8E238EEC}.Release|Any CPU.ActiveCfg = Release|Any CPU
		{8C8070C0-767D-4E78-8923-907B8E238EEC}.Release|Any CPU.Build.0 = Release|Any CPU
		{75A84F4F-7087-4450-AB03-4DCFBE1DEF2E}.Debug|Any CPU.ActiveCfg = Debug|Any CPU
		{75A84F4F-7087-4450-AB03-4DCFBE1DEF2E}.Debug|Any CPU.Build.0 = Debug|Any CPU
		{75A84F4F-7087-4450-AB03-4DCFBE1DEF2E}.Release|Any CPU.ActiveCfg = Release|Any CPU
		{75A84F4F-7087-4450-AB03-4DCFBE1DEF2E}.Release|Any CPU.Build.0 = Release|Any CPU
	EndGlobalSection
EndGlobal
